uuid: 7a965258-4382-4e09-90bb-a66d592ac99b
langcode: en
status: true
dependencies: {  }
_core:
  default_config_hash: e6TOyYNNoVxiP1QXtAUWt18MTCIZt3PC6YKD2Ptp4ZE
id: oe_links_block
label: 'Links block'
icon_uuid: null
icon_default: null
description: 'A set of links with an optional title. This component should be placed in the sidebar only.'
behavior_plugins: {  }
