uuid: 860b2ee0-1735-4b70-8d6e-4439e20261cd
langcode: en
status: true
dependencies: {  }
_core:
  default_config_hash: dHzSO0zEC_-m2rf-9WOsl3y6wNm_8T9lKiySamgms4A
id: oe_list_item_block
label: 'Listing item block'
icon_uuid: null
icon_default: null
description: 'Display multiple list items organised in columns.'
behavior_plugins: {  }
